{
  "name": "@sovara/desktop",
  "version": "1.1.5",
  "lockfileVersion": 3,
  "requires": true,
  "packages": {
    "": {
      "name": "@sovara/desktop",
      "version": "1.1.5",
      "dependencies": {
        "@modelcontextprotocol/sdk": "^1.30.0",
        "electron-updater": "^6.8.9",
        "graphology": "^0.26.0",
        "graphology-layout-forceatlas2": "^0.10.1",
        "lucide-react": "0.511.0",
        "node-addon-api": "^8.9.2",
        "node-llama-cpp": "^3.20.0",
        "node-pty": "^1.1.0",
        "react": "^18.3.1",
        "react-dom": "^18.3.1",
        "three": "^0.186.0",
        "uuid": "^14.0.2",
        "zustand": "4.5.2"
      },
      "devDependencies": {
        "@testing-library/jest-dom": "6.6.3",
        "@testing-library/react": "16.3.0",
        "@testing-library/user-event": "14.5.2",
        "@types/node": "^22.10.5",
        "@types/react": "^18.3.18",
        "@types/react-dom": "^18.3.5",
        "@types/three": "^0.186.0",
        "electron": "^35.1.0",
        "electron-builder": "^25.1.8",
        "electron-vite": "^3.0.0",
        "jsdom": "26.1.0",
        "typescript": "^5.7.3",
        "vite": "^6.0.5",
        "vitest": "^3.1.1",
        "zod": "^3.24.3"
      },
      "engines": {
        "node": ">=22.0.0"
      }
    },
    "../../node_modules/.pnpm/@modelcontextprotocol+sdk@1_28d75949d3bcfd4cdd17a3aa51288cc0/node_modules/@modelcontextprotocol/sdk": {
      "version": "1.30.0",
      "license": "MIT",
      "dependencies": {
        "@hono/node-server": "^1.19.9 || ^2.0.5",
        "ajv": "^8.17.1",
        "ajv-formats": "^3.0.1",
        "content-type": "^1.0.5",
        "cors": "^2.8.5",
        "cross-spawn": "^7.0.5",
        "eventsource": "^3.0.2",
        "eventsource-parser": "^3.0.0",
        "express": "^5.2.1",
        "express-rate-limit": "^8.2.1",
        "hono": "^4.11.4",
        "jose": "^6.1.3",
        "json-schema-typed": "^8.0.2",
        "pkce-challenge": "^5.0.0",
        "raw-body": "^3.0.0",
        "zod": "^3.25 || ^4.0",
        "zod-to-json-schema": "^3.25.1"
      },
      "devDependencies": {
        "@cfworker/json-schema": "^4.1.1",
        "@eslint/js": "^9.39.1",
        "@modelcontextprotocol/conformance": "^0.1.14",
        "@types/content-type": "^1.1.8",
        "@types/cors": "^2.8.17",
        "@types/cross-spawn": "^6.0.6",
        "@types/eventsource": "^1.1.15",
        "@types/express": "^5.0.0",
        "@types/express-serve-static-core": "^5.1.0",
        "@types/node": "^22.12.0",
        "@types/supertest": "^6.0.2",
        "@types/ws": "^8.5.12",
        "@typescript/native-preview": "^7.0.0-dev.20251103.1",
        "eslint": "^9.8.0",
        "eslint-config-prettier": "^10.1.8",
        "eslint-plugin-n": "^17.23.1",
        "prettier": "3.6.2",
        "supertest": "^7.0.0",
        "tsx": "^4.16.5",
        "typescript": "^5.5.4",
        "typescript-eslint": "^8.48.1",
        "vitest": "^4.0.8",
        "ws": "^8.18.0"
      },
      "engines": {
        "node": ">=18"
      },
      "peerDependencies": {
        "@cfworker/json-schema": "^4.1.1",
        "zod": "^3.25 || ^4.0"
      },
      "peerDependenciesMeta": {
        "@cfworker/json-schema": {
          "optional": true
        },
        "zod": {
          "optional": false
        }
      }
    },
    "../../node_modules/.pnpm/@testing-library+jest-dom@6.6.3/node_modules/@testing-library/jest-dom": {
      "version": "6.6.3",
      "dev": true,
      "license": "MIT",
      "dependencies": {
        "@adobe/css-tools": "^4.4.0",
        "aria-query": "^5.0.0",
        "chalk": "^3.0.0",
        "css.escape": "^1.5.1",
        "dom-accessibility-api": "^0.6.3",
        "lodash": "^4.17.21",
        "redent": "^3.0.0"
      },
      "devDependencies": {
        "@jest/globals": "^29.6.2",
        "@rollup/plugin-commonjs": "^25.0.4",
        "@types/bun": "latest",
        "@types/web": "latest",
        "expect": "^29.6.2",
        "jest-environment-jsdom-sixteen": "^1.0.3",
        "jest-watch-select-projects": "^2.0.0",
        "jsdom": "^16.2.1",
        "kcd-scripts": "^14.0.0",
        "pretty-format": "^25.1.0",
        "rollup": "^3.28.1",
        "rollup-plugin-delete": "^2.0.0",
        "typescript": "^5.1.6",
        "vitest": "^0.34.1"
      },
      "engines": {
        "node": ">=14",
        "npm": ">=6",
        "yarn": ">=1"
      }
    },
    "../../node_modules/.pnpm/@testing-library+react@16.3_9990020f1b3fa2d3c8ebc1681517e17f/node_modules/@testing-library/react": {
      "version": "16.3.0",
      "dev": true,
      "license": "MIT",
      "dependencies": {
        "@babel/runtime": "^7.12.5"
      },
      "devDependencies": {
        "@testing-library/dom": "^10.0.0",
        "@testing-library/jest-dom": "^5.11.6",
        "@types/react": "^19.0.0",
        "@types/react-dom": "^19.0.0",
        "chalk": "^4.1.2",
        "dotenv-cli": "^4.0.0",
        "jest-diff": "^29.7.0",
        "kcd-scripts": "^13.0.0",
        "npm-run-all": "^4.1.5",
        "react": "^19.0.0",
        "react-dom": "^19.0.0",
        "rimraf": "^3.0.2",
        "typescript": "^4.1.2"
      },
      "engines": {
        "node": ">=18"
      },
      "peerDependencies": {
        "@testing-library/dom": "^10.0.0",
        "@types/react": "^18.0.0 || ^19.0.0",
        "@types/react-dom": "^18.0.0 || ^19.0.0",
        "react": "^18.0.0 || ^19.0.0",
        "react-dom": "^18.0.0 || ^19.0.0"
      },
      "peerDependenciesMeta": {
        "@types/react": {
          "optional": true
        },
        "@types/react-dom": {
          "optional": true
        }
      }
    },
    "../../node_modules/.pnpm/@testing-library+user-event_259b4be594310a97d2b080c0d068ba98/node_modules/@testing-library/user-event": {
      "version": "14.5.2",
      "dev": true,
      "license": "MIT",
      "devDependencies": {
        "@esbuild-plugins/node-modules-polyfill": "^0.2.2",
        "@ph.fritsche/scripts-config": "^2.4.0",
        "@ph.fritsche/toolbox": "^1.0.0-alpha.11",
        "@testing-library/dom": "^8.19.0",
        "@testing-library/jest-dom": "^5.16.3",
        "@testing-library/react": "^13.4.0",
        "@types/jest-in-case": "^1.0.3",
        "@types/react": "^18.0.25",
        "@types/sinonjs__fake-timers": "^8.1.2",
        "css.escape": "^1.5.1",
        "esbuild": "^0.19.10",
        "esbuild-plugin-globals": "^0.2.0",
        "eslint-import-resolver-typescript": "^3.5.2",
        "eslint-plugin-local-rules": "^1.3.2",
        "expect": "^28.1.3",
        "is-ci": "^3.0.1",
        "istanbul-lib-coverage": "^3.2.0",
        "istanbul-lib-report": "^3.0.0",
        "istanbul-lib-source-maps": "^4.0.1",
        "istanbul-reports": "^3.1.5",
        "jest-in-case": "^1.0.2",
        "jest-mock": "^28.1.3",
        "jest-serializer-ansi": "^1.0.3",
        "jsdom": "^20.0.3",
        "kcd-scripts": "^12.1.0",
        "react": "^18.0.0",
        "react-dom": "^18.0.0",
        "shared-scripts": "^1.5.1",
        "ts-node": "^10.9.1",
        "typescript": "^4.9.3"
      },
      "engines": {
        "node": ">=12",
        "npm": ">=6"
      },
      "peerDependencies": {
        "@testing-library/dom": ">=7.21.4"
      }
    },
    "../../node_modules/.pnpm/@types+node@22.20.1/node_modules/@types/node": {
      "version": "22.20.1",
      "dev": true,
      "license": "MIT",
      "dependencies": {
        "undici-types": "~6.21.0"
      }
    },
    "../../node_modules/.pnpm/@types+react-dom@18.3.5_@types+react@18.3.18/node_modules/@types/react-dom": {
      "version": "18.3.5",
      "dev": true,
      "license": "MIT",
      "peerDependencies": {
        "@types/react": "^18.0.0"
      }
    },
    "../../node_modules/.pnpm/@types+react@18.3.18/node_modules/@types/react": {
      "version": "18.3.18",
      "dev": true,
      "license": "MIT",
      "dependencies": {
        "@types/prop-types": "*",
        "csstype": "^3.0.2"
      }
    },
    "../../node_modules/.pnpm/@types+three@0.186.0/node_modules/@types/three": {
      "version": "0.186.0",
      "dev": true,
      "license": "MIT",
      "dependencies": {
        "@dimforge/rapier3d-compat": "~0.12.0",
        "@tweenjs/tween.js": "~23.1.3",
        "@types/stats.js": "*",
        "@types/webxr": ">=0.5.17",
        "fflate": "~0.8.3",
        "meshoptimizer": "~1.1.1"
      }
    },
    "../../node_modules/.pnpm/electron-builder@25.1.8_blu_ae00ce4f9846f7f0563724f80e60a6fd/node_modules/electron-builder": {
      "version": "25.1.8",
      "dev": true,
      "license": "MIT",
      "dependencies": {
        "app-builder-lib": "25.1.8",
        "builder-util": "25.1.7",
        "builder-util-runtime": "9.2.10",
        "chalk": "^4.1.2",
        "dmg-builder": "25.1.8",
        "fs-extra": "^10.1.0",
        "is-ci": "^3.0.0",
        "lazy-val": "^1.0.5",
        "simple-update-notifier": "2.0.0",
        "yargs": "^17.6.2"
      },
      "bin": {
        "electron-builder": "cli.js",
        "install-app-deps": "install-app-deps.js"
      },
      "devDependencies": {
        "@types/fs-extra": "9.0.13",
        "@types/is-ci": "3.0.0",
        "@types/yargs": "^17.0.16"
      },
      "engines": {
        "node": ">=14.0.0"
      }
    },
    "../../node_modules/.pnpm/electron-updater@6.8.9_supports-color@7.2.0/node_modules/electron-updater": {
      "version": "6.8.9",
      "license": "MIT",
      "dependencies": {
        "builder-util-runtime": "9.7.0",
        "fs-extra": "^10.1.0",
        "js-yaml": "^4.1.0",
        "lazy-val": "^1.0.5",
        "lodash.escaperegexp": "^4.1.2",
        "lodash.isequal": "^4.5.0",
        "semver": "~7.7.3",
        "tiny-typed-emitter": "^2.1.0"
      },
      "devDependencies": {
        "@types/fs-extra": "9.0.13",
        "@types/js-yaml": "4.0.3",
        "@types/lodash.escaperegexp": "4.1.6",
        "@types/lodash.isequal": "4.5.5",
        "@types/semver": "7.7.1",
        "electron": "39.8.5"
      }
    },
    "../../node_modules/.pnpm/electron-vite@3.1.0_support_440e5c5e9d61188539c13b1f0132094f/node_modules/electron-vite": {
      "version": "3.1.0",
      "dev": true,
      "license": "MIT",
      "dependencies": {
        "@babel/core": "^7.26.10",
        "@babel/plugin-transform-arrow-functions": "^7.25.9",
        "cac": "^6.7.14",
        "esbuild": "^0.25.1",
        "magic-string": "^0.30.17",
        "picocolors": "^1.1.1"
      },
      "bin": {
        "electron-vite": "bin/electron-vite.js"
      },
      "devDependencies": {
        "@eslint/js": "^9.22.0",
        "@rollup/plugin-json": "^6.1.0",
        "@rollup/plugin-node-resolve": "^16.0.1",
        "@rollup/plugin-typescript": "^12.1.2",
        "@swc/core": "^1.11.9",
        "@types/node": "^22.13.10",
        "eslint": "^9.22.0",
        "eslint-config-prettier": "^10.1.1",
        "eslint-plugin-prettier": "^5.2.3",
        "globals": "^16.0.0",
        "lint-staged": "^15.4.3",
        "prettier": "^3.5.3",
        "rollup": "^4.35.0",
        "rollup-plugin-dts": "^6.1.1",
        "rollup-plugin-rm": "^1.0.2",
        "simple-git-hooks": "^2.11.1",
        "tslib": "^2.8.1",
        "typescript": "^5.7.3",
        "typescript-eslint": "^8.26.1",
        "vite": "^6.2.1"
      },
      "engines": {
        "node": "^18.0.0 || >=20.0.0"
      },
      "peerDependencies": {
        "@swc/core": "^1.0.0",
        "vite": "^4.0.0 || ^5.0.0 || ^6.0.0"
      },
      "peerDependenciesMeta": {
        "@swc/core": {
          "optional": true
        }
      }
    },
    "../../node_modules/.pnpm/electron@35.1.0_supports-color@7.2.0/node_modules/electron": {
      "version": "35.1.0",
      "dev": true,
      "hasInstallScript": true,
      "license": "MIT",
      "dependencies": {
        "@electron/get": "^2.0.0",
        "@types/node": "^22.7.7",
        "extract-zip": "^2.0.1"
      },
      "bin": {
        "electron": "cli.js"
      },
      "engines": {
        "node": ">= 12.20.55"
      }
    },
    "../../node_modules/.pnpm/jsdom@26.1.0_supports-color@7.2.0/node_modules/jsdom": {
      "version": "26.1.0",
      "dev": true,
      "license": "MIT",
      "dependencies": {
        "cssstyle": "^4.2.1",
        "data-urls": "^5.0.0",
        "decimal.js": "^10.5.0",
        "html-encoding-sniffer": "^4.0.0",
        "http-proxy-agent": "^7.0.2",
        "https-proxy-agent": "^7.0.6",
        "is-potential-custom-element-name": "^1.0.1",
        "nwsapi": "^2.2.16",
        "parse5": "^7.2.1",
        "rrweb-cssom": "^0.8.0",
        "saxes": "^6.0.0",
        "symbol-tree": "^3.2.4",
        "tough-cookie": "^5.1.1",
        "w3c-xmlserializer": "^5.0.0",
        "webidl-conversions": "^7.0.0",
        "whatwg-encoding": "^3.1.1",
        "whatwg-mimetype": "^4.0.0",
        "whatwg-url": "^14.1.1",
        "ws": "^8.18.0",
        "xml-name-validator": "^5.0.0"
      },
      "devDependencies": {
        "@domenic/eslint-config": "^4.0.1",
        "benchmark": "^2.1.4",
        "eslint": "^9.20.0",
        "eslint-plugin-html": "^8.1.2",
        "globals": "^15.14.0",
        "js-yaml": "^4.1.0",
        "minimatch": "^9.0.5",
        "mocha": "^11.1.0",
        "mocha-sugar-free": "^1.4.0",
        "pngjs": "^7.0.0",
        "server-destroy": "^1.0.1",
        "webidl2js": "^18.0.0",
        "yargs": "^17.7.2"
      },
      "engines": {
        "node": ">=18"
      },
      "peerDependencies": {
        "canvas": "^3.0.0"
      },
      "peerDependenciesMeta": {
        "canvas": {
          "optional": true
        }
      }
    },
    "../../node_modules/.pnpm/lucide-react@0.511.0_react@18.3.1/node_modules/lucide-react": {
      "version": "0.511.0",
      "license": "ISC",
      "devDependencies": {
        "@lucide/build-icons": "1.1.0",
        "@lucide/rollup-plugins": "1.0.0",
        "@lucide/shared": "1.0.0",
        "@testing-library/jest-dom": "^6.1.6",
        "@testing-library/react": "^14.1.2",
        "@types/react": "^18.2.37",
        "@vitejs/plugin-react": "^4.3.4",
        "jest-serializer-html": "^7.1.0",
        "react": "18.2.0",
        "react-dom": "18.2.0",
        "rollup": "^4.22.4",
        "rollup-plugin-dts": "^6.1.0",
        "rollup-plugin-preserve-directives": "^0.4.0",
        "typescript": "^5.8.3",
        "vite": "^6.3.2",
        "vitest": "^3.1.2"
      },
      "peerDependencies": {
        "react": "^16.5.1 || ^17.0.0 || ^18.0.0 || ^19.0.0"
      }
    },
    "../../node_modules/.pnpm/node-addon-api@8.9.2/node_modules/node-addon-api": {
      "version": "8.9.2",
      "license": "MIT",
      "devDependencies": {
        "benchmark": "^2.1.4",
        "bindings": "^1.5.0",
        "clang-format": "^1.4.0",
        "eslint": "^9.13.0",
        "fs-extra": "^11.1.1",
        "neostandard": "^0.12.0",
        "node-gyp": "^12.4.0",
        "pre-commit": "^1.2.2",
        "semver": "^7.6.0"
      },
      "engines": {
        "node": "^18 || ^20 || >= 21"
      }
    },
    "../../node_modules/.pnpm/node-llama-cpp@3.20.0_supports-color@7.2.0_typescript@5.9.3/node_modules/node-llama-cpp": {
      "version": "3.20.0",
      "hasInstallScript": true,
      "license": "MIT",
      "dependencies": {
        "@huggingface/jinja": "^0.5.9",
        "async-retry": "^1.3.3",
        "bytes": "^3.1.2",
        "chalk": "^5.6.2",
        "chmodrp": "^1.0.2",
        "cmake-js": "^8.0.0",
        "cross-spawn": "^7.0.6",
        "env-var": "^7.5.0",
        "filenamify": "^6.0.0",
        "fs-extra": "^11.3.4",
        "ignore": "^7.0.4",
        "ipull": "^3.9.5",
        "is-unicode-supported": "^2.1.0",
        "lifecycle-utils": "^4.0.1",
        "log-symbols": "^7.0.1",
        "nanoid": "^5.1.6",
        "node-addon-api": "^8.9.1",
        "ora": "^9.3.0",
        "pretty-ms": "^9.3.0",
        "proper-lockfile": "^4.1.2",
        "semver": "^7.7.1",
        "simple-git": "^3.36.0",
        "slice-ansi": "^8.0.0",
        "stdout-update": "^4.0.1",
        "strip-ansi": "^7.2.0",
        "validate-npm-package-name": "^7.0.2",
        "which": "^6.0.1",
        "yargs": "^17.7.2"
      },
      "bin": {
        "nlc": "dist/cli/cli.js",
        "node-llama-cpp": "dist/cli/cli.js"
      },
      "devDependencies": {
        "@commitlint/cli": "^20.4.1",
        "@commitlint/config-conventional": "^20.4.1",
        "@eslint/compat": "^2.0.2",
        "@fontsource/inter": "^5.2.8",
        "@nolebase/vitepress-plugin-git-changelog": "^2.18.2",
        "@nolebase/vitepress-plugin-og-image": "^2.18.2",
        "@resvg/resvg-js": "^2.6.2",
        "@semantic-release/exec": "^7.1.0",
        "@semantic-release/github": "^12.0.9",
        "@semantic-release/npm": "^13.1.5",
        "@shikijs/vitepress-twoslash": "^3.22.0",
        "@stylistic/eslint-plugin": "^5.8.0",
        "@types/async-retry": "^1.4.9",
        "@types/bytes": "^3.1.5",
        "@types/cross-spawn": "^6.0.6",
        "@types/fs-extra": "^11.0.4",
        "@types/node": "^20.19.33",
        "@types/proper-lockfile": "^4.1.4",
        "@types/semver": "^7.7.1",
        "@types/validate-npm-package-name": "^4.0.2",
        "@types/which": "^3.0.4",
        "@types/yargs": "^17.0.33",
        "@vitest/coverage-v8": "^4.1.0",
        "@vitest/ui": "^4.1.0",
        "electron": "^40.4.1",
        "eslint": "^9.39.2",
        "eslint-import-resolver-typescript": "^4.4.4",
        "eslint-plugin-import": "^2.32.0",
        "eslint-plugin-jsdoc": "^62.5.5",
        "eslint-plugin-n": "^17.24.0",
        "feed": "^5.2.0",
        "husky": "^9.1.7",
        "rehype": "^13.0.2",
        "rimraf": "^6.1.3",
        "semantic-release": "^25.0.8",
        "sharp": "^0.34.5",
        "tslib": "^2.8.1",
        "typedoc": "^0.28.17",
        "typedoc-plugin-markdown": "^4.10.0",
        "typedoc-plugin-mdn-links": "^5.1.1",
        "typedoc-vitepress-theme": "^1.1.2",
        "typescript": "^5.9.3",
        "typescript-eslint": "^8.56.0",
        "vite-node": "^6.0.0",
        "vitepress": "^1.6.4",
        "vitepress-plugin-llms": "^1.11.0",
        "vitest": "^4.1.0",
        "zx": "^8.8.5"
      },
      "engines": {
        "node": ">=20.0.0"
      },
      "funding": {
        "type": "github",
        "url": "https://github.com/sponsors/giladgd"
      },
      "optionalDependencies": {
        "@node-llama-cpp/linux-arm64": "3.20.0",
        "@node-llama-cpp/linux-armv7l": "3.20.0",
        "@node-llama-cpp/linux-riscv64": "3.20.0",
        "@node-llama-cpp/linux-x64": "3.20.0",
        "@node-llama-cpp/linux-x64-cuda": "3.20.0",
        "@node-llama-cpp/linux-x64-cuda-ext": "3.20.0",
        "@node-llama-cpp/linux-x64-vulkan": "3.20.0",
        "@node-llama-cpp/mac-arm64-metal": "3.20.0",
        "@node-llama-cpp/mac-x64": "3.20.0",
        "@node-llama-cpp/win-arm64": "3.20.0",
        "@node-llama-cpp/win-x64": "3.20.0",
        "@node-llama-cpp/win-x64-cuda": "3.20.0",
        "@node-llama-cpp/win-x64-cuda-ext": "3.20.0",
        "@node-llama-cpp/win-x64-vulkan": "3.20.0"
      },
      "peerDependencies": {
        "typescript": ">=5.0.0"
      },
      "peerDependenciesMeta": {
        "typescript": {
          "optional": true
        }
      }
    },
    "../../node_modules/.pnpm/node-pty@1.1.0/node_modules/node-pty": {
      "version": "1.1.0",
      "hasInstallScript": true,
      "license": "MIT",
      "dependencies": {
        "node-addon-api": "^7.1.0"
      },
      "devDependencies": {
        "@types/mocha": "^7.0.2",
        "@types/node": "12",
        "@typescript-eslint/eslint-plugin": "^2.27.0",
        "@typescript-eslint/parser": "^2.27.0",
        "cross-env": "^5.1.4",
        "eslint": "^6.8.0",
        "mocha": "10",
        "node-gyp": "^11.4.2",
        "ps-list": "^6.0.0",
        "typescript": "^3.8.3"
      }
    },
    "../../node_modules/.pnpm/react-dom@18.3.1_react@18.3.1/node_modules/react-dom": {
      "version": "18.3.1",
      "license": "MIT",
      "dependencies": {
        "loose-envify": "^1.1.0",
        "scheduler": "^0.23.2"
      },
      "peerDependencies": {
        "react": "^18.3.1"
      }
    },
    "../../node_modules/.pnpm/react@18.3.1/node_modules/react": {
      "version": "18.3.1",
      "license": "MIT",
      "dependencies": {
        "loose-envify": "^1.1.0"
      },
      "engines": {
        "node": ">=0.10.0"
      }
    },
    "../../node_modules/.pnpm/three@0.186.0/node_modules/three": {
      "version": "0.186.0",
      "license": "MIT",
      "devDependencies": {
        "@eslint/js": "^9.0.0",
        "@rollup/plugin-node-resolve": "^16.0.0",
        "@rollup/plugin-terser": "^1.0.0",
        "eslint": "^10.8.0",
        "eslint-config-mdcs": "^5.0.0",
        "eslint-plugin-compat": "^7.0.0",
        "eslint-plugin-html": "^8.1.3",
        "eslint-plugin-jsdoc": "^64.0.0",
        "globals": "^17.0.0",
        "jpeg-js": "^0.4.4",
        "jsdoc": "^4.0.5",
        "magic-string": "^1.0.0",
        "pngjs": "^7.0.0",
        "puppeteer": "^25.0.0",
        "rollup": "^4.6.0",
        "turndown": "^7.2.2"
      }
    },
    "../../node_modules/.pnpm/typescript@5.9.3/node_modules/typescript": {
      "version": "5.9.3",
      "dev": true,
      "license": "Apache-2.0",
      "bin": {
        "tsc": "bin/tsc",
        "tsserver": "bin/tsserver"
      },
      "devDependencies": {
        "@dprint/formatter": "^0.4.1",
        "@dprint/typescript": "0.93.4",
        "@esfx/canceltoken": "^1.0.0",
        "@eslint/js": "^9.20.0",
        "@octokit/rest": "^21.1.1",
        "@types/chai": "^4.3.20",
        "@types/diff": "^7.0.1",
        "@types/minimist": "^1.2.5",
        "@types/mocha": "^10.0.10",
        "@types/ms": "^0.7.34",
        "@types/node": "latest",
        "@types/source-map-support": "^0.5.10",
        "@types/which": "^3.0.4",
        "@typescript-eslint/rule-tester": "^8.24.1",
        "@typescript-eslint/type-utils": "^8.24.1",
        "@typescript-eslint/utils": "^8.24.1",
        "azure-devops-node-api": "^14.1.0",
        "c8": "^10.1.3",
        "chai": "^4.5.0",
        "chokidar": "^4.0.3",
        "diff": "^7.0.0",
        "dprint": "^0.49.0",
        "esbuild": "^0.25.0",
        "eslint": "^9.20.1",
        "eslint-formatter-autolinkable-stylish": "^1.4.0",
        "eslint-plugin-regexp": "^2.7.0",
        "fast-xml-parser": "^4.5.2",
        "glob": "^10.4.5",
        "globals": "^15.15.0",
        "hereby": "^1.10.0",
        "jsonc-parser": "^3.3.1",
        "knip": "^5.44.4",
        "minimist": "^1.2.8",
        "mocha": "^10.8.2",
        "mocha-fivemat-progress-reporter": "^0.1.0",
        "monocart-coverage-reports": "^2.12.1",
        "ms": "^2.1.3",
        "picocolors": "^1.1.1",
        "playwright": "^1.50.1",
        "source-map-support": "^0.5.21",
        "tslib": "^2.8.1",
        "typescript": "^5.7.3",
        "typescript-eslint": "^8.24.1",
        "which": "^3.0.1"
      },
      "engines": {
        "node": ">=14.17"
      }
    },
    "../../node_modules/.pnpm/uuid@14.0.2/node_modules/uuid": {
      "version": "14.0.2",
      "funding": [
        "https://github.com/sponsors/broofa",
        "https://github.com/sponsors/ctavan"
      ],
      "license": "MIT",
      "bin": {
        "uuid": "dist-node/bin/uuid"
      },
      "devDependencies": {
        "@biomejs/biome": "2.4.10",
        "@commitlint/cli": "20.5.0",
        "@commitlint/config-conventional": "20.5.0",
        "bundlewatch": "0.4.1",
        "commander": "14.0.3",
        "globals": "17.4.0",
        "jest": "30.3.0",
        "lefthook": "1.11.13",
        "lint-staged": "16.4.0",
        "neostandard": "0.13.0",
        "npm-run-all2": "8.0.4",
        "prettier": "3.8.3",
        "publint": "0.3.21",
        "release-please": "17.3.0",
        "runmd": "2.1.1",
        "standard-version": "9.5.0",
        "typescript": "5.4.3"
      }
    },
    "../../node_modules/.pnpm/vite@6.4.3_@types+node@22.20.1/node_modules/vite": {
      "version": "6.4.3",
      "dev": true,
      "license": "MIT",
      "dependencies": {
        "esbuild": "^0.25.0",
        "fdir": "^6.4.4",
        "picomatch": "^4.0.2",
        "postcss": "^8.5.3",
        "rollup": "^4.34.9",
        "tinyglobby": "^0.2.13"
      },
      "bin": {
        "vite": "bin/vite.js"
      },
      "devDependencies": {
        "@ampproject/remapping": "^2.3.0",
        "@babel/parser": "^7.27.0",
        "@jridgewell/trace-mapping": "^0.3.25",
        "@polka/compression": "^1.0.0-next.25",
        "@rollup/plugin-alias": "^5.1.1",
        "@rollup/plugin-commonjs": "^28.0.3",
        "@rollup/plugin-dynamic-import-vars": "2.1.4",
        "@rollup/plugin-json": "^6.1.0",
        "@rollup/plugin-node-resolve": "16.0.1",
        "@rollup/pluginutils": "^5.1.4",
        "@types/escape-html": "^1.0.4",
        "@types/pnpapi": "^0.0.5",
        "artichokie": "^0.3.1",
        "cac": "^6.7.14",
        "chokidar": "^3.6.0",
        "connect": "^3.7.0",
        "convert-source-map": "^2.0.0",
        "cors": "^2.8.5",
        "cross-spawn": "^7.0.6",
        "debug": "^4.4.0",
        "dep-types": "link:./src/types",
        "dotenv": "^16.5.0",
        "dotenv-expand": "^12.0.2",
        "es-module-lexer": "^1.6.0",
        "escape-html": "^1.0.3",
        "estree-walker": "^3.0.3",
        "etag": "^1.8.1",
        "http-proxy": "^1.18.1",
        "launch-editor-middleware": "^2.14.1",
        "lightningcss": "^1.29.3",
        "magic-string": "^0.30.17",
        "mlly": "^1.7.4",
        "mrmime": "^2.0.1",
        "nanoid": "^5.1.5",
        "open": "^10.1.1",
        "parse5": "^7.2.1",
        "pathe": "^2.0.3",
        "periscopic": "^4.0.2",
        "picocolors": "^1.1.1",
        "postcss-import": "^16.1.0",
        "postcss-load-config": "^6.0.1",
        "postcss-modules": "^6.0.1",
        "resolve.exports": "^2.0.3",
        "rollup-plugin-dts": "^6.2.1",
        "rollup-plugin-esbuild": "^6.2.1",
        "rollup-plugin-license": "^3.6.0",
        "sass": "^1.86.3",
        "sass-embedded": "^1.86.3",
        "sirv": "^3.0.2",
        "source-map-support": "^0.5.21",
        "strip-literal": "^3.0.0",
        "terser": "^5.39.0",
        "tsconfck": "^3.1.5",
        "tslib": "^2.8.1",
        "types": "link:./types",
        "ufo": "^1.6.1",
        "ws": "^8.18.1"
      },
      "engines": {
        "node": "^18.0.0 || ^20.0.0 || >=22.0.0"
      },
      "funding": {
        "url": "https://github.com/vitejs/vite?sponsor=1"
      },
      "optionalDependencies": {
        "fsevents": "~2.3.3"
      },
      "peerDependencies": {
        "@types/node": "^18.0.0 || ^20.0.0 || >=22.0.0",
        "jiti": ">=1.21.0",
        "less": "*",
        "lightningcss": "^1.21.0",
        "sass": "*",
        "sass-embedded": "*",
        "stylus": "*",
        "sugarss": "*",
        "terser": "^5.16.0",
        "tsx": "^4.8.1",
        "yaml": "^2.4.2"
      },
      "peerDependenciesMeta": {
        "@types/node": {
          "optional": true
        },
        "jiti": {
          "optional": true
        },
        "less": {
          "optional": true
        },
        "lightningcss": {
          "optional": true
        },
        "sass": {
          "optional": true
        },
        "sass-embedded": {
          "optional": true
        },
        "stylus": {
          "optional": true
        },
        "sugarss": {
          "optional": true
        },
        "terser": {
          "optional": true
        },
        "tsx": {
          "optional": true
        },
        "yaml": {
          "optional": true
        }
      }
    },
    "../../node_modules/.pnpm/vitest@3.2.7_@types+debug@4_5089fdd88d4b4722e7968316f2c82ea7/node_modules/vitest": {
      "version": "3.2.7",
      "dev": true,
      "license": "MIT",
      "dependencies": {
        "@types/chai": "^5.2.2",
        "@vitest/expect": "3.2.7",
        "@vitest/mocker": "3.2.7",
        "@vitest/pretty-format": "^3.2.7",
        "@vitest/runner": "3.2.7",
        "@vitest/snapshot": "3.2.7",
        "@vitest/spy": "3.2.7",
        "@vitest/utils": "3.2.7",
        "chai": "^5.2.0",
        "debug": "^4.4.1",
        "expect-type": "^1.2.1",
        "magic-string": "^0.30.17",
        "pathe": "^2.0.3",
        "picomatch": "^4.0.2",
        "std-env": "^3.9.0",
        "tinybench": "^2.9.0",
        "tinyexec": "^0.3.2",
        "tinyglobby": "^0.2.14",
        "tinypool": "^1.1.1",
        "tinyrainbow": "^2.0.0",
        "vite": "^5.0.0 || ^6.0.0 || ^7.0.0-0",
        "vite-node": "3.2.4",
        "why-is-node-running": "^2.3.0"
      },
      "bin": {
        "vitest": "vitest.mjs"
      },
      "devDependencies": {
        "@ampproject/remapping": "^2.3.0",
        "@antfu/install-pkg": "^1.1.0",
        "@edge-runtime/vm": "^5.0.0",
        "@sinonjs/fake-timers": "14.0.0",
        "@types/debug": "^4.1.12",
        "@types/estree": "^1.0.8",
        "@types/istanbul-lib-coverage": "^2.0.6",
        "@types/istanbul-reports": "^3.0.4",
        "@types/jsdom": "^21.1.7",
        "@types/mime": "^4.0.0",
        "@types/node": "^22.15.32",
        "@types/picomatch": "^4.0.0",
        "@types/prompts": "^2.4.9",
        "@types/sinonjs__fake-timers": "^8.1.5",
        "acorn-walk": "^8.3.4",
        "birpc": "2.4.0",
        "cac": "^6.7.14",
        "chai-subset": "^1.6.0",
        "find-up": "^6.3.0",
        "flatted": "^3.3.3",
        "happy-dom": "^17.6.3",
        "jsdom": "^26.1.0",
        "local-pkg": "^1.1.1",
        "mime": "^4.0.7",
        "pretty-format": "^29.7.0",
        "prompts": "^2.4.2",
        "strip-literal": "^3.0.0",
        "ws": "^8.18.2"
      },
      "engines": {
        "node": "^18.0.0 || ^20.0.0 || >=22.0.0"
      },
      "funding": {
        "url": "https://opencollective.com/vitest"
      },
      "peerDependencies": {
        "@edge-runtime/vm": "*",
        "@types/debug": "^4.1.12",
        "@types/node": "^18.0.0 || ^20.0.0 || >=22.0.0",
        "@vitest/browser": "3.2.7",
        "@vitest/ui": "3.2.7",
        "happy-dom": "*",
        "jsdom": "*"
      },
      "peerDependenciesMeta": {
        "@edge-runtime/vm": {
          "optional": true
        },
        "@types/debug": {
          "optional": true
        },
        "@types/node": {
          "optional": true
        },
        "@vitest/browser": {
          "optional": true
        },
        "@vitest/ui": {
          "optional": true
        },
        "happy-dom": {
          "optional": true
        },
        "jsdom": {
          "optional": true
        }
      }
    },
    "../../node_modules/.pnpm/zod@3.24.3_patch_hash=f3d96_aa05b49455e526258c9727c773aa94bc/node_modules/zod": {
      "version": "3.24.3",
      "dev": true,
      "license": "MIT",
      "devDependencies": {
        "@babel/core": "^7.22.5",
        "@babel/preset-env": "^7.22.5",
        "@babel/preset-typescript": "^7.22.5",
        "@jest/globals": "^29.4.3",
        "@rollup/plugin-typescript": "^8.2.0",
        "@standard-schema/spec": "^1.0.0-beta.4",
        "@swc/core": "^1.3.66",
        "@swc/jest": "^0.2.26",
        "@types/benchmark": "^2.1.0",
        "@types/jest": "^29.2.2",
        "@types/node": "14",
        "@typescript-eslint/eslint-plugin": "^5.15.0",
        "@typescript-eslint/parser": "^5.15.0",
        "babel-jest": "^29.5.0",
        "benchmark": "^2.1.4",
        "dependency-cruiser": "^9.19.0",
        "eslint": "^8.11.0",
        "eslint-config-prettier": "^8.5.0",
        "eslint-plugin-ban": "^1.6.0",
        "eslint-plugin-import": "^2.25.4",
        "eslint-plugin-simple-import-sort": "^7.0.0",
        "eslint-plugin-unused-imports": "^2.0.0",
        "husky": "^7.0.4",
        "jest": "^29.3.1",
        "lint-staged": "^12.3.7",
        "netlify-cli": "^17.26.2",
        "nodemon": "^2.0.15",
        "prettier": "^2.6.0",
        "pretty-quick": "^3.1.3",
        "rollup": "^2.70.1",
        "ts-jest": "^29.1.0",
        "ts-morph": "^14.0.0",
        "ts-node": "^10.9.1",
        "tslib": "^2.3.1",
        "tsx": "^3.8.0",
        "typescript": "^5.0.0",
        "vitest": "^0.32.2"
      },
      "funding": {
        "url": "https://github.com/sponsors/colinhacks"
      }
    },
    "../../node_modules/.pnpm/zustand@4.5.2_@types+react@18.3.18_react@18.3.1/node_modules/zustand": {
      "version": "4.5.2",
      "license": "MIT",
      "dependencies": {
        "use-sync-external-store": "1.2.0"
      },
      "engines": {
        "node": ">=12.7.0"
      },
      "peerDependencies": {
        "@types/react": ">=16.8",
        "immer": ">=9.0.6",
        "react": ">=16.8"
      },
      "peerDependenciesMeta": {
        "@types/react": {
          "optional": true
        },
        "immer": {
          "optional": true
        },
        "react": {
          "optional": true
        }
      }
    },
    "node_modules/@modelcontextprotocol/sdk": {
      "resolved": "../../node_modules/.pnpm/@modelcontextprotocol+sdk@1_28d75949d3bcfd4cdd17a3aa51288cc0/node_modules/@modelcontextprotocol/sdk",
      "link": true
    },
    "node_modules/@testing-library/jest-dom": {
      "resolved": "../../node_modules/.pnpm/@testing-library+jest-dom@6.6.3/node_modules/@testing-library/jest-dom",
      "link": true
    },
    "node_modules/@testing-library/react": {
      "resolved": "../../node_modules/.pnpm/@testing-library+react@16.3_9990020f1b3fa2d3c8ebc1681517e17f/node_modules/@testing-library/react",
      "link": true
    },
    "node_modules/@testing-library/user-event": {
      "resolved": "../../node_modules/.pnpm/@testing-library+user-event_259b4be594310a97d2b080c0d068ba98/node_modules/@testing-library/user-event",
      "link": true
    },
    "node_modules/@types/node": {
      "resolved": "../../node_modules/.pnpm/@types+node@22.20.1/node_modules/@types/node",
      "link": true
    },
    "node_modules/@types/react": {
      "resolved": "../../node_modules/.pnpm/@types+react@18.3.18/node_modules/@types/react",
      "link": true
    },
    "node_modules/@types/react-dom": {
      "resolved": "../../node_modules/.pnpm/@types+react-dom@18.3.5_@types+react@18.3.18/node_modules/@types/react-dom",
      "link": true
    },
    "node_modules/@types/three": {
      "resolved": "../../node_modules/.pnpm/@types+three@0.186.0/node_modules/@types/three",
      "link": true
    },
    "node_modules/electron": {
      "resolved": "../../node_modules/.pnpm/electron@35.1.0_supports-color@7.2.0/node_modules/electron",
      "link": true
    },
    "node_modules/electron-builder": {
      "resolved": "../../node_modules/.pnpm/electron-builder@25.1.8_blu_ae00ce4f9846f7f0563724f80e60a6fd/node_modules/electron-builder",
      "link": true
    },
    "node_modules/electron-updater": {
      "resolved": "../../node_modules/.pnpm/electron-updater@6.8.9_supports-color@7.2.0/node_modules/electron-updater",
      "link": true
    },
    "node_modules/electron-vite": {
      "resolved": "../../node_modules/.pnpm/electron-vite@3.1.0_support_440e5c5e9d61188539c13b1f0132094f/node_modules/electron-vite",
      "link": true
    },
    "node_modules/events": {
      "version": "3.3.0",
      "resolved": "https://registry.npmjs.org/events/-/events-3.3.0.tgz",
      "integrity": "sha512-mQw+2fkQbALzQ7V0MY0IqdnXNOeTtP4r0lN9z7AAawCXgqea7bDii20AYrIBrFd/Hx0M2Ocz6S111CaFkUcb0Q==",
      "license": "MIT",
      "engines": {
        "node": ">=0.8.x"
      }
    },
    "node_modules/graphology": {
      "version": "0.26.0",
      "resolved": "https://registry.npmjs.org/graphology/-/graphology-0.26.0.tgz",
      "integrity": "sha512-8SSImzgUUYC89Z042s+0r/vMibY7GX/Emz4LDO5e7jYXhuoWfHISPFJYjpRLUSJGq6UQ6xlenvX1p/hJdfXuXg==",
      "license": "MIT",
      "dependencies": {
        "events": "^3.3.0"
      },
      "peerDependencies": {
        "graphology-types": ">=0.24.0"
      }
    },
    "node_modules/graphology-layout-forceatlas2": {
      "version": "0.10.1",
      "resolved": "https://registry.npmjs.org/graphology-layout-forceatlas2/-/graphology-layout-forceatlas2-0.10.1.tgz",
      "integrity": "sha512-ogzBeF1FvWzjkikrIFwxhlZXvD2+wlY54lqhsrWprcdPjopM2J9HoMweUmIgwaTvY4bUYVimpSsOdvDv1gPRFQ==",
      "license": "MIT",
      "dependencies": {
        "graphology-utils": "^2.1.0"
      },
      "peerDependencies": {
        "graphology-types": ">=0.19.0"
      }
    },
    "node_modules/graphology-types": {
      "version": "0.24.8",
      "resolved": "https://registry.npmjs.org/graphology-types/-/graphology-types-0.24.8.tgz",
      "integrity": "sha512-hDRKYXa8TsoZHjgEaysSRyPdT6uB78Ci8WnjgbStlQysz7xR52PInxNsmnB7IBOM1BhikxkNyCVEFgmPKnpx3Q==",
      "license": "MIT",
      "peer": true
    },
    "node_modules/graphology-utils": {
      "version": "2.5.2",
      "resolved": "https://registry.npmjs.org/graphology-utils/-/graphology-utils-2.5.2.tgz",
      "integrity": "sha512-ckHg8MXrXJkOARk56ZaSCM1g1Wihe2d6iTmz1enGOz4W/l831MBCKSayeFQfowgF8wd+PQ4rlch/56Vs/VZLDQ==",
      "license": "MIT",
      "peerDependencies": {
        "graphology-types": ">=0.23.0"
      }
    },
    "node_modules/jsdom": {
      "resolved": "../../node_modules/.pnpm/jsdom@26.1.0_supports-color@7.2.0/node_modules/jsdom",
      "link": true
    },
    "node_modules/lucide-react": {
      "resolved": "../../node_modules/.pnpm/lucide-react@0.511.0_react@18.3.1/node_modules/lucide-react",
      "link": true
    },
    "node_modules/node-addon-api": {
      "resolved": "../../node_modules/.pnpm/node-addon-api@8.9.2/node_modules/node-addon-api",
      "link": true
    },
    "node_modules/node-llama-cpp": {
      "resolved": "../../node_modules/.pnpm/node-llama-cpp@3.20.0_supports-color@7.2.0_typescript@5.9.3/node_modules/node-llama-cpp",
      "link": true
    },
    "node_modules/node-pty": {
      "resolved": "../../node_modules/.pnpm/node-pty@1.1.0/node_modules/node-pty",
      "link": true
    },
    "node_modules/react": {
      "resolved": "../../node_modules/.pnpm/react@18.3.1/node_modules/react",
      "link": true
    },
    "node_modules/react-dom": {
      "resolved": "../../node_modules/.pnpm/react-dom@18.3.1_react@18.3.1/node_modules/react-dom",
      "link": true
    },
    "node_modules/three": {
      "resolved": "../../node_modules/.pnpm/three@0.186.0/node_modules/three",
      "link": true
    },
    "node_modules/typescript": {
      "resolved": "../../node_modules/.pnpm/typescript@5.9.3/node_modules/typescript",
      "link": true
    },
    "node_modules/uuid": {
      "resolved": "../../node_modules/.pnpm/uuid@14.0.2/node_modules/uuid",
      "link": true
    },
    "node_modules/vite": {
      "resolved": "../../node_modules/.pnpm/vite@6.4.3_@types+node@22.20.1/node_modules/vite",
      "link": true
    },
    "node_modules/vitest": {
      "resolved": "../../node_modules/.pnpm/vitest@3.2.7_@types+debug@4_5089fdd88d4b4722e7968316f2c82ea7/node_modules/vitest",
      "link": true
    },
    "node_modules/zod": {
      "resolved": "../../node_modules/.pnpm/zod@3.24.3_patch_hash=f3d96_aa05b49455e526258c9727c773aa94bc/node_modules/zod",
      "link": true
    },
    "node_modules/zustand": {
      "resolved": "../../node_modules/.pnpm/zustand@4.5.2_@types+react@18.3.18_react@18.3.1/node_modules/zustand",
      "link": true
    }
  }
}
